
Microsoft Visual Studio Solution File, Format Version 12.00
# Visual Studio Version 16
VisualStudioVersion = 16.0.31205.134
MinimumVisualStudioVersion = 10.0.40219.1
Project("{FAE04EC0-301F-11D3-BF4B-00C04F79EFBC}") = "Task_6", "Task_6\Task_6.csproj", "{8B43D536-3E46-406F-BD8F-685790C05101}"
EndProject
Global
	GlobalSection(SolutionConfigurationPlatforms) = preSolution
		Debug|Any CPU = Debug|Any CPU
		Release|Any CPU = Release|Any CPU
	EndGlobalSection
	GlobalSection(ProjectConfigurationPlatforms) = postSolution
		{8B43D536-3E46-406F-BD8F-685790C05101}.Debug|Any CPU.ActiveCfg = Debug|Any CPU
		{8B43D536-3E46-406F-BD8F-685790C05101}.Debug|Any CPU.Build.0 = Debug|Any CPU
		{8B43D536-3E46-406F-BD8F-685790C05101}.Release|Any CPU.ActiveCfg = Release|Any CPU
		{8B43D536-3E46-406F-BD8F-685790C05101}.Release|Any CPU.Build.0 = Release|Any CPU
	EndGlobalSection
	GlobalSection(SolutionProperties) = preSolution
		HideSolutionNode = FALSE
	EndGlobalSection
	GlobalSection(ExtensibilityGlobals) = postSolution
		SolutionGuid = {E4F29017-F102-484C-A9BE-96DA5B9A70CE}
	EndGlobalSection
EndGlobal
